
Microsoft Visual Studio Solution File, Format Version 12.00
# Visual Studio Version 17
VisualStudioVersion = 17.11.35219.272
MinimumVisualStudioVersion = 10.0.40219.1
Project("{FAE04EC0-301F-11D3-BF4B-00C04F79EFBC}") = "ConsoleApp2", "ConsoleApp2\ConsoleApp2.csproj", "{79F8D014-6EBD-41D5-BDD6-C306F810994E}"
EndProject
Global
	GlobalSection(SolutionConfigurationPlatforms) = preSolution
		Debug|Any CPU = Debug|Any CPU
		Release|Any CPU = Release|Any CPU
	EndGlobalSection
	GlobalSection(ProjectConfigurationPlatforms) = postSolution
		{79F8D014-6EBD-41D5-BDD6-C306F810994E}.Debug|Any CPU.ActiveCfg = Debug|Any CPU
		{79F8D014-6EBD-41D5-BDD6-C306F810994E}.Debug|Any CPU.Build.0 = Debug|Any CPU
		{79F8D014-6EBD-41D5-BDD6-C306F810994E}.Release|Any CPU.ActiveCfg = Release|Any CPU
		{79F8D014-6EBD-41D5-BDD6-C306F810994E}.Release|Any CPU.Build.0 = Release|Any CPU
	EndGlobalSection
	GlobalSection(SolutionProperties) = preSolution
		HideSolutionNode = FALSE
	EndGlobalSection
	GlobalSection(ExtensibilityGlobals) = postSolution
		SolutionGuid = {5A919B49-AD5A-4D4D-AAC8-B58CC8679BF3}
	EndGlobalSection
EndGlobal
